
Microsoft Visual Studio Solution File, Format Version 12.00
# Visual Studio 15
Project("{FAE04EC0-301F-11D3-BF4B-00C04F79EFBC}") = "GoTrack_2", "GoTrack_2.csproj", "{1B99DBD2-A782-CF74-6082-BF3247F6CC45}"
EndProject
Global
	GlobalSection(SolutionConfigurationPlatforms) = preSolution
		Debug|Any CPU = Debug|Any CPU
		Release|Any CPU = Release|Any CPU
	EndGlobalSection
	GlobalSection(ProjectConfigurationPlatforms) = postSolution
		{1B99DBD2-A782-CF74-6082-BF3247F6CC45}.Debug|Any CPU.ActiveCfg = Debug|Any CPU
		{1B99DBD2-A782-CF74-6082-BF3247F6CC45}.Debug|Any CPU.Build.0 = Debug|Any CPU
		{1B99DBD2-A782-CF74-6082-BF3247F6CC45}.Release|Any CPU.ActiveCfg = Release|Any CPU
		{1B99DBD2-A782-CF74-6082-BF3247F6CC45}.Release|Any CPU.Build.0 = Release|Any CPU
	EndGlobalSection
	GlobalSection(SolutionProperties) = preSolution
		HideSolutionNode = FALSE
	EndGlobalSection
	GlobalSection(MonoDevelopProperties) = preSolution
		StartupItem = Assembly-CSharp.csproj
	EndGlobalSection
EndGlobal
